// !$*UTF8*$!
{
	archiveVersion = 1;
	classes = {
	};
	objectVersion = 50;
	objects = {

/* Begin PBXBuildFile section */
		F05111F92633030500537630 /* Pasteboard.swift in Sources */ = {isa = PBXBuildFile; fileRef = F05111F82633030500537630 /* Pasteboard.swift */; };
		F05111FA2633030500537630 /* Pasteboard.swift in Sources */ = {isa = PBXBuildFile; fileRef = F05111F82633030500537630 /* Pasteboard.swift */; };
		F0B123DB2631EBDA00C9BF24 /* Tests_iOS.swift in Sources */ = {isa = PBXBuildFile; fileRef = F0B123DA2631EBDA00C9BF24 /* Tests_iOS.swift */; };
		F0B123E62631EBDA00C9BF24 /* Tests_macOS.swift in Sources */ = {isa = PBXBuildFile; fileRef = F0B123E52631EBDA00C9BF24 /* Tests_macOS.swift */; };
		F0B123E82631EBDA00C9BF24 /* CryptoCombine.xcdatamodeld in Sources */ = {isa = PBXBuildFile; fileRef = F0B123BC2631EBD700C9BF24 /* CryptoCombine.xcdatamodeld */; };
		F0B123E92631EBDA00C9BF24 /* CryptoCombine.xcdatamodeld in Sources */ = {isa = PBXBuildFile; fileRef = F0B123BC2631EBD700C9BF24 /* CryptoCombine.xcdatamodeld */; };
		F0B123EA2631EBDA00C9BF24 /* CryptoCombineApp.swift in Sources */ = {isa = PBXBuildFile; fileRef = F0B123BE2631EBD700C9BF24 /* CryptoCombineApp.swift */; };
		F0B123EB2631EBDA00C9BF24 /* CryptoCombineApp.swift in Sources */ = {isa = PBXBuildFile; fileRef = F0B123BE2631EBD700C9BF24 /* CryptoCombineApp.swift */; };
		F0B123EC2631EBDA00C9BF24 /* CloudKitView.swift in Sources */ = {isa = PBXBuildFile; fileRef = F0B123BF2631EBD700C9BF24 /* CloudKitView.swift */; };
		F0B123ED2631EBDA00C9BF24 /* CloudKitView.swift in Sources */ = {isa = PBXBuildFile; fileRef = F0B123BF2631EBD700C9BF24 /* CloudKitView.swift */; };
		F0B123EE2631EBDA00C9BF24 /* Persistence.swift in Sources */ = {isa = PBXBuildFile; fileRef = F0B123C02631EBD700C9BF24 /* Persistence.swift */; };
		F0B123EF2631EBDA00C9BF24 /* Persistence.swift in Sources */ = {isa = PBXBuildFile; fileRef = F0B123C02631EBD700C9BF24 /* Persistence.swift */; };
		F0B123F02631EBDA00C9BF24 /* Assets.xcassets in Resources */ = {isa = PBXBuildFile; fileRef = F0B123C12631EBDA00C9BF24 /* Assets.xcassets */; };
		F0B123F12631EBDA00C9BF24 /* Assets.xcassets in Resources */ = {isa = PBXBuildFile; fileRef = F0B123C12631EBDA00C9BF24 /* Assets.xcassets */; };
		F0B124092631EC3400C9BF24 /* ContentView.swift in Sources */ = {isa = PBXBuildFile; fileRef = F0B124082631EC3400C9BF24 /* ContentView.swift */; };
		F0B1240A2631EC3400C9BF24 /* ContentView.swift in Sources */ = {isa = PBXBuildFile; fileRef = F0B124082631EC3400C9BF24 /* ContentView.swift */; };
		F0B124182631EE1600C9BF24 /* URLSession.swift in Sources */ = {isa = PBXBuildFile; fileRef = F0B124172631EE1600C9BF24 /* URLSession.swift */; };
		F0B124192631EE1600C9BF24 /* URLSession.swift in Sources */ = {isa = PBXBuildFile; fileRef = F0B124172631EE1600C9BF24 /* URLSession.swift */; };
		F0B124202631F28400C9BF24 /* CoinsToBtcInfo.swift in Sources */ = {isa = PBXBuildFile; fileRef = F0B1241F2631F28400C9BF24 /* CoinsToBtcInfo.swift */; };
		F0B124212631F28400C9BF24 /* CoinsToBtcInfo.swift in Sources */ = {isa = PBXBuildFile; fileRef = F0B1241F2631F28400C9BF24 /* CoinsToBtcInfo.swift */; };
		F0B1242F2632005E00C9BF24 /* Publisher.swift in Sources */ = {isa = PBXBuildFile; fileRef = F0B1242E2632005E00C9BF24 /* Publisher.swift */; };
		F0B124302632005E00C9BF24 /* Publisher.swift in Sources */ = {isa = PBXBuildFile; fileRef = F0B1242E2632005E00C9BF24 /* Publisher.swift */; };
		F0B1243726320C1300C9BF24 /* Store.swift in Sources */ = {isa = PBXBuildFile; fileRef = F0B1243626320C1300C9BF24 /* Store.swift */; };
		F0B1243826320C1300C9BF24 /* Store.swift in Sources */ = {isa = PBXBuildFile; fileRef = F0B1243626320C1300C9BF24 /* Store.swift */; };
		F0B1244B2632A94400C9BF24 /* Published.swift in Sources */ = {isa = PBXBuildFile; fileRef = F0B1244A2632A94300C9BF24 /* Published.swift */; };
		F0B1244C2632A94400C9BF24 /* Published.swift in Sources */ = {isa = PBXBuildFile; fileRef = F0B1244A2632A94300C9BF24 /* Published.swift */; };
		F0B124622632AF6F00C9BF24 /* CustomError.swift in Sources */ = {isa = PBXBuildFile; fileRef = F0B124612632AF6F00C9BF24 /* CustomError.swift */; };
		F0B124632632AF6F00C9BF24 /* CustomError.swift in Sources */ = {isa = PBXBuildFile; fileRef = F0B124612632AF6F00C9BF24 /* CustomError.swift */; };
		F0B1246D2632CEC000C9BF24 /* CoinInfo.swift in Sources */ = {isa = PBXBuildFile; fileRef = F0B1246C2632CEC000C9BF24 /* CoinInfo.swift */; };
		F0B1246E2632CEC000C9BF24 /* CoinInfo.swift in Sources */ = {isa = PBXBuildFile; fileRef = F0B1246C2632CEC000C9BF24 /* CoinInfo.swift */; };
		F0B124752632F19700C9BF24 /* CoinsListView.swift in Sources */ = {isa = PBXBuildFile; fileRef = F0B124742632F19700C9BF24 /* CoinsListView.swift */; };
		F0B124762632F19700C9BF24 /* CoinsListView.swift in Sources */ = {isa = PBXBuildFile; fileRef = F0B124742632F19700C9BF24 /* CoinsListView.swift */; };
		F0B124802632F30400C9BF24 /* CoinRowView.swift in Sources */ = {isa = PBXBuildFile; fileRef = F0B1247F2632F30400C9BF24 /* CoinRowView.swift */; };
		F0B124812632F30400C9BF24 /* CoinRowView.swift in Sources */ = {isa = PBXBuildFile; fileRef = F0B1247F2632F30400C9BF24 /* CoinRowView.swift */; };
		F0B2635F26345B040027910C /* PercentesView.swift in Sources */ = {isa = PBXBuildFile; fileRef = F0B2635E26345B040027910C /* PercentesView.swift */; };
		F0B2636026345B040027910C /* PercentesView.swift in Sources */ = {isa = PBXBuildFile; fileRef = F0B2635E26345B040027910C /* PercentesView.swift */; };
		F0B2636626345C1E0027910C /* NumberFormatter.swift in Sources */ = {isa = PBXBuildFile; fileRef = F0B2636526345C1E0027910C /* NumberFormatter.swift */; };
		F0B2636726345C1E0027910C /* NumberFormatter.swift in Sources */ = {isa = PBXBuildFile; fileRef = F0B2636526345C1E0027910C /* NumberFormatter.swift */; };
		F0D3831B263333A000F5AAFA /* ExtraCoinInfo.swift in Sources */ = {isa = PBXBuildFile; fileRef = F0D3831A263333A000F5AAFA /* ExtraCoinInfo.swift */; };
		F0D3831C263333A000F5AAFA /* ExtraCoinInfo.swift in Sources */ = {isa = PBXBuildFile; fileRef = F0D3831A263333A000F5AAFA /* ExtraCoinInfo.swift */; };
		F0D38322263403C400F5AAFA /* Application.swift in Sources */ = {isa = PBXBuildFile; fileRef = F0D38321263403C400F5AAFA /* Application.swift */; };
		F0D38323263403C400F5AAFA /* Application.swift in Sources */ = {isa = PBXBuildFile; fileRef = F0D38321263403C400F5AAFA /* Application.swift */; };
/* End PBXBuildFile section */

/* Begin PBXContainerItemProxy section */
		F0B123D72631EBDA00C9BF24 /* PBXContainerItemProxy */ = {
			isa = PBXContainerItemProxy;
			containerPortal = F0B123B72631EBD700C9BF24 /* Project object */;
			proxyType = 1;
			remoteGlobalIDString = F0B123C52631EBDA00C9BF24;
			remoteInfo = "CryptoCombine (iOS)";
		};
		F0B123E22631EBDA00C9BF24 /* PBXContainerItemProxy */ = {
			isa = PBXContainerItemProxy;
			containerPortal = F0B123B72631EBD700C9BF24 /* Project object */;
			proxyType = 1;
			remoteGlobalIDString = F0B123CD2631EBDA00C9BF24;
			remoteInfo = "CryptoCombine (macOS)";
		};
/* End PBXContainerItemProxy section */

/* Begin PBXFileReference section */
		F05111F82633030500537630 /* Pasteboard.swift */ = {isa = PBXFileReference; lastKnownFileType = sourcecode.swift; path = Pasteboard.swift; sourceTree = "<group>"; };
		F0B123BD2631EBD700C9BF24 /* Shared.xcdatamodel */ = {isa = PBXFileReference; lastKnownFileType = wrapper.xcdatamodel; path = Shared.xcdatamodel; sourceTree = "<group>"; };
		F0B123BE2631EBD700C9BF24 /* CryptoCombineApp.swift */ = {isa = PBXFileReference; lastKnownFileType = sourcecode.swift; path = CryptoCombineApp.swift; sourceTree = "<group>"; };
		F0B123BF2631EBD700C9BF24 /* CloudKitView.swift */ = {isa = PBXFileReference; lastKnownFileType = sourcecode.swift; path = CloudKitView.swift; sourceTree = "<group>"; };
		F0B123C02631EBD700C9BF24 /* Persistence.swift */ = {isa = PBXFileReference; lastKnownFileType = sourcecode.swift; path = Persistence.swift; sourceTree = "<group>"; };
		F0B123C12631EBDA00C9BF24 /* Assets.xcassets */ = {isa = PBXFileReference; lastKnownFileType = folder.assetcatalog; path = Assets.xcassets; sourceTree = "<group>"; };
		F0B123C62631EBDA00C9BF24 /* CryptoCombine.app */ = {isa = PBXFileReference; explicitFileType = wrapper.application; includeInIndex = 0; path = CryptoCombine.app; sourceTree = BUILT_PRODUCTS_DIR; };
		F0B123C92631EBDA00C9BF24 /* Info.plist */ = {isa = PBXFileReference; lastKnownFileType = text.plist.xml; path = Info.plist; sourceTree = "<group>"; };
		F0B123CE2631EBDA00C9BF24 /* CryptoCombine.app */ = {isa = PBXFileReference; explicitFileType = wrapper.application; includeInIndex = 0; path = CryptoCombine.app; sourceTree = BUILT_PRODUCTS_DIR; };
		F0B123D02631EBDA00C9BF24 /* Info.plist */ = {isa = PBXFileReference; lastKnownFileType = text.plist.xml; path = Info.plist; sourceTree = "<group>"; };
		F0B123D12631EBDA00C9BF24 /* macOS.entitlements */ = {isa = PBXFileReference; lastKnownFileType = text.plist.entitlements; path = macOS.entitlements; sourceTree = "<group>"; };
		F0B123D62631EBDA00C9BF24 /* Tests iOS.xctest */ = {isa = PBXFileReference; explicitFileType = wrapper.cfbundle; includeInIndex = 0; path = "Tests iOS.xctest"; sourceTree = BUILT_PRODUCTS_DIR; };
		F0B123DA2631EBDA00C9BF24 /* Tests_iOS.swift */ = {isa = PBXFileReference; lastKnownFileType = sourcecode.swift; path = Tests_iOS.swift; sourceTree = "<group>"; };
		F0B123DC2631EBDA00C9BF24 /* Info.plist */ = {isa = PBXFileReference; lastKnownFileType = text.plist.xml; path = Info.plist; sourceTree = "<group>"; };
		F0B123E12631EBDA00C9BF24 /* Tests macOS.xctest */ = {isa = PBXFileReference; explicitFileType = wrapper.cfbundle; includeInIndex = 0; path = "Tests macOS.xctest"; sourceTree = BUILT_PRODUCTS_DIR; };
		F0B123E52631EBDA00C9BF24 /* Tests_macOS.swift */ = {isa = PBXFileReference; lastKnownFileType = sourcecode.swift; path = Tests_macOS.swift; sourceTree = "<group>"; };
		F0B123E72631EBDA00C9BF24 /* Info.plist */ = {isa = PBXFileReference; lastKnownFileType = text.plist.xml; path = Info.plist; sourceTree = "<group>"; };
		F0B124082631EC3400C9BF24 /* ContentView.swift */ = {isa = PBXFileReference; lastKnownFileType = sourcecode.swift; path = ContentView.swift; sourceTree = "<group>"; };
		F0B124172631EE1600C9BF24 /* URLSession.swift */ = {isa = PBXFileReference; lastKnownFileType = sourcecode.swift; path = URLSession.swift; sourceTree = "<group>"; };
		F0B1241F2631F28400C9BF24 /* CoinsToBtcInfo.swift */ = {isa = PBXFileReference; lastKnownFileType = sourcecode.swift; path = CoinsToBtcInfo.swift; sourceTree = "<group>"; };
		F0B1242E2632005E00C9BF24 /* Publisher.swift */ = {isa = PBXFileReference; lastKnownFileType = sourcecode.swift; path = Publisher.swift; sourceTree = "<group>"; };
		F0B1243626320C1300C9BF24 /* Store.swift */ = {isa = PBXFileReference; lastKnownFileType = sourcecode.swift; path = Store.swift; sourceTree = "<group>"; };
		F0B1244A2632A94300C9BF24 /* Published.swift */ = {isa = PBXFileReference; fileEncoding = 4; lastKnownFileType = sourcecode.swift; path = Published.swift; sourceTree = "<group>"; };
		F0B124612632AF6F00C9BF24 /* CustomError.swift */ = {isa = PBXFileReference; lastKnownFileType = sourcecode.swift; path = CustomError.swift; sourceTree = "<group>"; };
		F0B1246C2632CEC000C9BF24 /* CoinInfo.swift */ = {isa = PBXFileReference; lastKnownFileType = sourcecode.swift; path = CoinInfo.swift; sourceTree = "<group>"; };
		F0B124742632F19700C9BF24 /* CoinsListView.swift */ = {isa = PBXFileReference; lastKnownFileType = sourcecode.swift; path = CoinsListView.swift; sourceTree = "<group>"; };
		F0B1247F2632F30400C9BF24 /* CoinRowView.swift */ = {isa = PBXFileReference; lastKnownFileType = sourcecode.swift; path = CoinRowView.swift; sourceTree = "<group>"; };
		F0B2635E26345B040027910C /* PercentesView.swift */ = {isa = PBXFileReference; lastKnownFileType = sourcecode.swift; path = PercentesView.swift; sourceTree = "<group>"; };
		F0B2636526345C1E0027910C /* NumberFormatter.swift */ = {isa = PBXFileReference; lastKnownFileType = sourcecode.swift; path = NumberFormatter.swift; sourceTree = "<group>"; };
		F0D3831A263333A000F5AAFA /* ExtraCoinInfo.swift */ = {isa = PBXFileReference; lastKnownFileType = sourcecode.swift; path = ExtraCoinInfo.swift; sourceTree = "<group>"; };
		F0D38321263403C400F5AAFA /* Application.swift */ = {isa = PBXFileReference; lastKnownFileType = sourcecode.swift; path = Application.swift; sourceTree = "<group>"; };
/* End PBXFileReference section */

/* Begin PBXFrameworksBuildPhase section */
		F0B123C32631EBDA00C9BF24 /* Frameworks */ = {
			isa = PBXFrameworksBuildPhase;
			buildActionMask = 2147483647;
			files = (
			);
			runOnlyForDeploymentPostprocessing = 0;
		};
		F0B123CB2631EBDA00C9BF24 /* Frameworks */ = {
			isa = PBXFrameworksBuildPhase;
			buildActionMask = 2147483647;
			files = (
			);
			runOnlyForDeploymentPostprocessing = 0;
		};
		F0B123D32631EBDA00C9BF24 /* Frameworks */ = {
			isa = PBXFrameworksBuildPhase;
			buildActionMask = 2147483647;
			files = (
			);
			runOnlyForDeploymentPostprocessing = 0;
		};
		F0B123DE2631EBDA00C9BF24 /* Frameworks */ = {
			isa = PBXFrameworksBuildPhase;
			buildActionMask = 2147483647;
			files = (
			);
			runOnlyForDeploymentPostprocessing = 0;
		};
/* End PBXFrameworksBuildPhase section */

/* Begin PBXGroup section */
		F05111F7263302ED00537630 /* Utils */ = {
			isa = PBXGroup;
			children = (
				F05111F82633030500537630 /* Pasteboard.swift */,
				F0D38321263403C400F5AAFA /* Application.swift */,
			);
			path = Utils;
			sourceTree = "<group>";
		};
		F0B123B62631EBD700C9BF24 = {
			isa = PBXGroup;
			children = (
				F0B123BB2631EBD700C9BF24 /* Shared */,
				F0B123C82631EBDA00C9BF24 /* iOS */,
				F0B123CF2631EBDA00C9BF24 /* macOS */,
				F0B123D92631EBDA00C9BF24 /* Tests iOS */,
				F0B123E42631EBDA00C9BF24 /* Tests macOS */,
				F0B123C72631EBDA00C9BF24 /* Products */,
			);
			sourceTree = "<group>";
		};
		F0B123BB2631EBD700C9BF24 /* Shared */ = {
			isa = PBXGroup;
			children = (
				F05111F7263302ED00537630 /* Utils */,
				F0B124602632AF5000C9BF24 /* Errors */,
				F0B124162631EDFE00C9BF24 /* Extensions */,
				F0B1243526320C0200C9BF24 /* Store */,
				F0B1241E2631F27100C9BF24 /* Models */,
				F0B124732632F17D00C9BF24 /* Views */,
				F0B123BE2631EBD700C9BF24 /* CryptoCombineApp.swift */,
				F0B123C02631EBD700C9BF24 /* Persistence.swift */,
				F0B123C12631EBDA00C9BF24 /* Assets.xcassets */,
				F0B123BC2631EBD700C9BF24 /* CryptoCombine.xcdatamodeld */,
			);
			path = Shared;
			sourceTree = "<group>";
		};
		F0B123C72631EBDA00C9BF24 /* Products */ = {
			isa = PBXGroup;
			children = (
				F0B123C62631EBDA00C9BF24 /* CryptoCombine.app */,
				F0B123CE2631EBDA00C9BF24 /* CryptoCombine.app */,
				F0B123D62631EBDA00C9BF24 /* Tests iOS.xctest */,
				F0B123E12631EBDA00C9BF24 /* Tests macOS.xctest */,
			);
			name = Products;
			sourceTree = "<group>";
		};
		F0B123C82631EBDA00C9BF24 /* iOS */ = {
			isa = PBXGroup;
			children = (
				F0B123C92631EBDA00C9BF24 /* Info.plist */,
			);
			path = iOS;
			sourceTree = "<group>";
		};
		F0B123CF2631EBDA00C9BF24 /* macOS */ = {
			isa = PBXGroup;
			children = (
				F0B123D02631EBDA00C9BF24 /* Info.plist */,
				F0B123D12631EBDA00C9BF24 /* macOS.entitlements */,
			);
			path = macOS;
			sourceTree = "<group>";
		};
		F0B123D92631EBDA00C9BF24 /* Tests iOS */ = {
			isa = PBXGroup;
			children = (
				F0B123DA2631EBDA00C9BF24 /* Tests_iOS.swift */,
				F0B123DC2631EBDA00C9BF24 /* Info.plist */,
			);
			path = "Tests iOS";
			sourceTree = "<group>";
		};
		F0B123E42631EBDA00C9BF24 /* Tests macOS */ = {
			isa = PBXGroup;
			children = (
				F0B123E52631EBDA00C9BF24 /* Tests_macOS.swift */,
				F0B123E72631EBDA00C9BF24 /* Info.plist */,
			);
			path = "Tests macOS";
			sourceTree = "<group>";
		};
		F0B124162631EDFE00C9BF24 /* Extensions */ = {
			isa = PBXGroup;
			children = (
				F0DE40162632FF8B0035C42B /* UIKit */,
				F0B1245A2632AD4500C9BF24 /* Combine */,
				F0B124552632AD3B00C9BF24 /* Foundation */,
			);
			path = Extensions;
			sourceTree = "<group>";
		};
		F0B1241E2631F27100C9BF24 /* Models */ = {
			isa = PBXGroup;
			children = (
				F0B1241F2631F28400C9BF24 /* CoinsToBtcInfo.swift */,
				F0B1246C2632CEC000C9BF24 /* CoinInfo.swift */,
				F0D3831A263333A000F5AAFA /* ExtraCoinInfo.swift */,
			);
			path = Models;
			sourceTree = "<group>";
		};
		F0B1243526320C0200C9BF24 /* Store */ = {
			isa = PBXGroup;
			children = (
				F0B1243626320C1300C9BF24 /* Store.swift */,
			);
			path = Store;
			sourceTree = "<group>";
		};
		F0B124552632AD3B00C9BF24 /* Foundation */ = {
			isa = PBXGroup;
			children = (
				F0B124172631EE1600C9BF24 /* URLSession.swift */,
				F0B2636526345C1E0027910C /* NumberFormatter.swift */,
			);
			path = Foundation;
			sourceTree = "<group>";
		};
		F0B1245A2632AD4500C9BF24 /* Combine */ = {
			isa = PBXGroup;
			children = (
				F0B1244A2632A94300C9BF24 /* Published.swift */,
				F0B1242E2632005E00C9BF24 /* Publisher.swift */,
			);
			path = Combine;
			sourceTree = "<group>";
		};
		F0B124602632AF5000C9BF24 /* Errors */ = {
			isa = PBXGroup;
			children = (
				F0B124612632AF6F00C9BF24 /* CustomError.swift */,
			);
			path = Errors;
			sourceTree = "<group>";
		};
		F0B124732632F17D00C9BF24 /* Views */ = {
			isa = PBXGroup;
			children = (
				F0DE40092632FD7F0035C42B /* CoinsListView */,
				F0B123BF2631EBD700C9BF24 /* CloudKitView.swift */,
				F0B124082631EC3400C9BF24 /* ContentView.swift */,
			);
			path = Views;
			sourceTree = "<group>";
		};
		F0DE40092632FD7F0035C42B /* CoinsListView */ = {
			isa = PBXGroup;
			children = (
				F0B124742632F19700C9BF24 /* CoinsListView.swift */,
				F0B1247F2632F30400C9BF24 /* CoinRowView.swift */,
				F0B2635E26345B040027910C /* PercentesView.swift */,
			);
			path = CoinsListView;
			sourceTree = "<group>";
		};
		F0DE40162632FF8B0035C42B /* UIKit */ = {
			isa = PBXGroup;
			children = (
			);
			path = UIKit;
			sourceTree = "<group>";
		};
/* End PBXGroup section */

/* Begin PBXNativeTarget section */
		F0B123C52631EBDA00C9BF24 /* CryptoCombine (iOS) */ = {
			isa = PBXNativeTarget;
			buildConfigurationList = F0B123F42631EBDA00C9BF24 /* Build configuration list for PBXNativeTarget "CryptoCombine (iOS)" */;
			buildPhases = (
				F0B123C22631EBDA00C9BF24 /* Sources */,
				F0B123C32631EBDA00C9BF24 /* Frameworks */,
				F0B123C42631EBDA00C9BF24 /* Resources */,
			);
			buildRules = (
			);
			dependencies = (
			);
			name = "CryptoCombine (iOS)";
			productName = "CryptoCombine (iOS)";
			productReference = F0B123C62631EBDA00C9BF24 /* CryptoCombine.app */;
			productType = "com.apple.product-type.application";
		};
		F0B123CD2631EBDA00C9BF24 /* CryptoCombine (macOS) */ = {
			isa = PBXNativeTarget;
			buildConfigurationList = F0B123F72631EBDA00C9BF24 /* Build configuration list for PBXNativeTarget "CryptoCombine (macOS)" */;
			buildPhases = (
				F0B123CA2631EBDA00C9BF24 /* Sources */,
				F0B123CB2631EBDA00C9BF24 /* Frameworks */,
				F0B123CC2631EBDA00C9BF24 /* Resources */,
			);
			buildRules = (
			);
			dependencies = (
			);
			name = "CryptoCombine (macOS)";
			productName = "CryptoCombine (macOS)";
			productReference = F0B123CE2631EBDA00C9BF24 /* CryptoCombine.app */;
			productType = "com.apple.product-type.application";
		};
		F0B123D52631EBDA00C9BF24 /* Tests iOS */ = {
			isa = PBXNativeTarget;
			buildConfigurationList = F0B123FA2631EBDA00C9BF24 /* Build configuration list for PBXNativeTarget "Tests iOS" */;
			buildPhases = (
				F0B123D22631EBDA00C9BF24 /* Sources */,
				F0B123D32631EBDA00C9BF24 /* Frameworks */,
				F0B123D42631EBDA00C9BF24 /* Resources */,
			);
			buildRules = (
			);
			dependencies = (
				F0B123D82631EBDA00C9BF24 /* PBXTargetDependency */,
			);
			name = "Tests iOS";
			productName = "Tests iOS";
			productReference = F0B123D62631EBDA00C9BF24 /* Tests iOS.xctest */;
			productType = "com.apple.product-type.bundle.ui-testing";
		};
		F0B123E02631EBDA00C9BF24 /* Tests macOS */ = {
			isa = PBXNativeTarget;
			buildConfigurationList = F0B123FD2631EBDA00C9BF24 /* Build configuration list for PBXNativeTarget "Tests macOS" */;
			buildPhases = (
				F0B123DD2631EBDA00C9BF24 /* Sources */,
				F0B123DE2631EBDA00C9BF24 /* Frameworks */,
				F0B123DF2631EBDA00C9BF24 /* Resources */,
			);
			buildRules = (
			);
			dependencies = (
				F0B123E32631EBDA00C9BF24 /* PBXTargetDependency */,
			);
			name = "Tests macOS";
			productName = "Tests macOS";
			productReference = F0B123E12631EBDA00C9BF24 /* Tests macOS.xctest */;
			productType = "com.apple.product-type.bundle.ui-testing";
		};
/* End PBXNativeTarget section */

/* Begin PBXProject section */
		F0B123B72631EBD700C9BF24 /* Project object */ = {
			isa = PBXProject;
			attributes = {
				LastSwiftUpdateCheck = 1240;
				LastUpgradeCheck = 1240;
				TargetAttributes = {
					F0B123C52631EBDA00C9BF24 = {
						CreatedOnToolsVersion = 12.4;
					};
					F0B123CD2631EBDA00C9BF24 = {
						CreatedOnToolsVersion = 12.4;
					};
					F0B123D52631EBDA00C9BF24 = {
						CreatedOnToolsVersion = 12.4;
						TestTargetID = F0B123C52631EBDA00C9BF24;
					};
					F0B123E02631EBDA00C9BF24 = {
						CreatedOnToolsVersion = 12.4;
						TestTargetID = F0B123CD2631EBDA00C9BF24;
					};
				};
			};
			buildConfigurationList = F0B123BA2631EBD700C9BF24 /* Build configuration list for PBXProject "CryptoCombine" */;
			compatibilityVersion = "Xcode 9.3";
			developmentRegion = en;
			hasScannedForEncodings = 0;
			knownRegions = (
				en,
				Base,
			);
			mainGroup = F0B123B62631EBD700C9BF24;
			productRefGroup = F0B123C72631EBDA00C9BF24 /* Products */;
			projectDirPath = "";
			projectRoot = "";
			targets = (
				F0B123C52631EBDA00C9BF24 /* CryptoCombine (iOS) */,
				F0B123CD2631EBDA00C9BF24 /* CryptoCombine (macOS) */,
				F0B123D52631EBDA00C9BF24 /* Tests iOS */,
				F0B123E02631EBDA00C9BF24 /* Tests macOS */,
			);
		};
/* End PBXProject section */

/* Begin PBXResourcesBuildPhase section */
		F0B123C42631EBDA00C9BF24 /* Resources */ = {
			isa = PBXResourcesBuildPhase;
			buildActionMask = 2147483647;
			files = (
				F0B123F02631EBDA00C9BF24 /* Assets.xcassets in Resources */,
			);
			runOnlyForDeploymentPostprocessing = 0;
		};
		F0B123CC2631EBDA00C9BF24 /* Resources */ = {
			isa = PBXResourcesBuildPhase;
			buildActionMask = 2147483647;
			files = (
				F0B123F12631EBDA00C9BF24 /* Assets.xcassets in Resources */,
			);
			runOnlyForDeploymentPostprocessing = 0;
		};
		F0B123D42631EBDA00C9BF24 /* Resources */ = {
			isa = PBXResourcesBuildPhase;
			buildActionMask = 2147483647;
			files = (
			);
			runOnlyForDeploymentPostprocessing = 0;
		};
		F0B123DF2631EBDA00C9BF24 /* Resources */ = {
			isa = PBXResourcesBuildPhase;
			buildActionMask = 2147483647;
			files = (
			);
			runOnlyForDeploymentPostprocessing = 0;
		};
/* End PBXResourcesBuildPhase section */

/* Begin PBXSourcesBuildPhase section */
		F0B123C22631EBDA00C9BF24 /* Sources */ = {
			isa = PBXSourcesBuildPhase;
			buildActionMask = 2147483647;
			files = (
				F0B1242F2632005E00C9BF24 /* Publisher.swift in Sources */,
				F0B123EA2631EBDA00C9BF24 /* CryptoCombineApp.swift in Sources */,
				F0D38322263403C400F5AAFA /* Application.swift in Sources */,
				F0B2636626345C1E0027910C /* NumberFormatter.swift in Sources */,
				F05111F92633030500537630 /* Pasteboard.swift in Sources */,
				F0B1244B2632A94400C9BF24 /* Published.swift in Sources */,
				F0B124752632F19700C9BF24 /* CoinsListView.swift in Sources */,
				F0B124092631EC3400C9BF24 /* ContentView.swift in Sources */,
				F0B1243726320C1300C9BF24 /* Store.swift in Sources */,
				F0D3831B263333A000F5AAFA /* ExtraCoinInfo.swift in Sources */,
				F0B124182631EE1600C9BF24 /* URLSession.swift in Sources */,
				F0B123EE2631EBDA00C9BF24 /* Persistence.swift in Sources */,
				F0B124622632AF6F00C9BF24 /* CustomError.swift in Sources */,
				F0B124802632F30400C9BF24 /* CoinRowView.swift in Sources */,
				F0B123E82631EBDA00C9BF24 /* CryptoCombine.xcdatamodeld in Sources */,
				F0B123EC2631EBDA00C9BF24 /* CloudKitView.swift in Sources */,
				F0B1246D2632CEC000C9BF24 /* CoinInfo.swift in Sources */,
				F0B2635F26345B040027910C /* PercentesView.swift in Sources */,
				F0B124202631F28400C9BF24 /* CoinsToBtcInfo.swift in Sources */,
			);
			runOnlyForDeploymentPostprocessing = 0;
		};
		F0B123CA2631EBDA00C9BF24 /* Sources */ = {
			isa = PBXSourcesBuildPhase;
			buildActionMask = 2147483647;
			files = (
				F0B124302632005E00C9BF24 /* Publisher.swift in Sources */,
				F0B123EB2631EBDA00C9BF24 /* CryptoCombineApp.swift in Sources */,
				F0D38323263403C400F5AAFA /* Application.swift in Sources */,
				F0B2636726345C1E0027910C /* NumberFormatter.swift in Sources */,
				F05111FA2633030500537630 /* Pasteboard.swift in Sources */,
				F0B1244C2632A94400C9BF24 /* Published.swift in Sources */,
				F0B124762632F19700C9BF24 /* CoinsListView.swift in Sources */,
				F0B1240A2631EC3400C9BF24 /* ContentView.swift in Sources */,
				F0B1243826320C1300C9BF24 /* Store.swift in Sources */,
				F0D3831C263333A000F5AAFA /* ExtraCoinInfo.swift in Sources */,
				F0B124192631EE1600C9BF24 /* URLSession.swift in Sources */,
				F0B123EF2631EBDA00C9BF24 /* Persistence.swift in Sources */,
				F0B124632632AF6F00C9BF24 /* CustomError.swift in Sources */,
				F0B124812632F30400C9BF24 /* CoinRowView.swift in Sources */,
				F0B123E92631EBDA00C9BF24 /* CryptoCombine.xcdatamodeld in Sources */,
				F0B123ED2631EBDA00C9BF24 /* CloudKitView.swift in Sources */,
				F0B1246E2632CEC000C9BF24 /* CoinInfo.swift in Sources */,
				F0B2636026345B040027910C /* PercentesView.swift in Sources */,
				F0B124212631F28400C9BF24 /* CoinsToBtcInfo.swift in Sources */,
			);
			runOnlyForDeploymentPostprocessing = 0;
		};
		F0B123D22631EBDA00C9BF24 /* Sources */ = {
			isa = PBXSourcesBuildPhase;
			buildActionMask = 2147483647;
			files = (
				F0B123DB2631EBDA00C9BF24 /* Tests_iOS.swift in Sources */,
			);
			runOnlyForDeploymentPostprocessing = 0;
		};
		F0B123DD2631EBDA00C9BF24 /* Sources */ = {
			isa = PBXSourcesBuildPhase;
			buildActionMask = 2147483647;
			files = (
				F0B123E62631EBDA00C9BF24 /* Tests_macOS.swift in Sources */,
			);
			runOnlyForDeploymentPostprocessing = 0;
		};
/* End PBXSourcesBuildPhase section */

/* Begin PBXTargetDependency section */
		F0B123D82631EBDA00C9BF24 /* PBXTargetDependency */ = {
			isa = PBXTargetDependency;
			target = F0B123C52631EBDA00C9BF24 /* CryptoCombine (iOS) */;
			targetProxy = F0B123D72631EBDA00C9BF24 /* PBXContainerItemProxy */;
		};
		F0B123E32631EBDA00C9BF24 /* PBXTargetDependency */ = {
			isa = PBXTargetDependency;
			target = F0B123CD2631EBDA00C9BF24 /* CryptoCombine (macOS) */;
			targetProxy = F0B123E22631EBDA00C9BF24 /* PBXContainerItemProxy */;
		};
/* End PBXTargetDependency section */

/* Begin XCBuildConfiguration section */
		F0B123F22631EBDA00C9BF24 /* Debug */ = {
			isa = XCBuildConfiguration;
			buildSettings = {
				ALWAYS_SEARCH_USER_PATHS = NO;
				CLANG_ANALYZER_NONNULL = YES;
				CLANG_ANALYZER_NUMBER_OBJECT_CONVERSION = YES_AGGRESSIVE;
				CLANG_CXX_LANGUAGE_STANDARD = "gnu++14";
				CLANG_CXX_LIBRARY = "libc++";
				CLANG_ENABLE_MODULES = YES;
				CLANG_ENABLE_OBJC_ARC = YES;
				CLANG_ENABLE_OBJC_WEAK = YES;
				CLANG_WARN_BLOCK_CAPTURE_AUTORELEASING = YES;
				CLANG_WARN_BOOL_CONVERSION = YES;
				CLANG_WARN_COMMA = YES;
				CLANG_WARN_CONSTANT_CONVERSION = YES;
				CLANG_WARN_DEPRECATED_OBJC_IMPLEMENTATIONS = YES;
				CLANG_WARN_DIRECT_OBJC_ISA_USAGE = YES_ERROR;
				CLANG_WARN_DOCUMENTATION_COMMENTS = YES;
				CLANG_WARN_EMPTY_BODY = YES;
				CLANG_WARN_ENUM_CONVERSION = YES;
				CLANG_WARN_INFINITE_RECURSION = YES;
				CLANG_WARN_INT_CONVERSION = YES;
				CLANG_WARN_NON_LITERAL_NULL_CONVERSION = YES;
				CLANG_WARN_OBJC_IMPLICIT_RETAIN_SELF = YES;
				CLANG_WARN_OBJC_LITERAL_CONVERSION = YES;
				CLANG_WARN_OBJC_ROOT_CLASS = YES_ERROR;
				CLANG_WARN_QUOTED_INCLUDE_IN_FRAMEWORK_HEADER = YES;
				CLANG_WARN_RANGE_LOOP_ANALYSIS = YES;
				CLANG_WARN_STRICT_PROTOTYPES = YES;
				CLANG_WARN_SUSPICIOUS_MOVE = YES;
				CLANG_WARN_UNGUARDED_AVAILABILITY = YES_AGGRESSIVE;
				CLANG_WARN_UNREACHABLE_CODE = YES;
				CLANG_WARN__DUPLICATE_METHOD_MATCH = YES;
				COPY_PHASE_STRIP = NO;
				DEBUG_INFORMATION_FORMAT = dwarf;
				ENABLE_STRICT_OBJC_MSGSEND = YES;
				ENABLE_TESTABILITY = YES;
				GCC_C_LANGUAGE_STANDARD = gnu11;
				GCC_DYNAMIC_NO_PIC = NO;
				GCC_NO_COMMON_BLOCKS = YES;
				GCC_OPTIMIZATION_LEVEL = 0;
				GCC_PREPROCESSOR_DEFINITIONS = (
					"DEBUG=1",
					"$(inherited)",
				);
				GCC_WARN_64_TO_32_BIT_CONVERSION = YES;
				GCC_WARN_ABOUT_RETURN_TYPE = YES_ERROR;
				GCC_WARN_UNDECLARED_SELECTOR = YES;
				GCC_WARN_UNINITIALIZED_AUTOS = YES_AGGRESSIVE;
				GCC_WARN_UNUSED_FUNCTION = YES;
				GCC_WARN_UNUSED_VARIABLE = YES;
				MTL_ENABLE_DEBUG_INFO = INCLUDE_SOURCE;
				MTL_FAST_MATH = YES;
				ONLY_ACTIVE_ARCH = YES;
				SWIFT_ACTIVE_COMPILATION_CONDITIONS = DEBUG;
				SWIFT_OPTIMIZATION_LEVEL = "-Onone";
			};
			name = Debug;
		};
		F0B123F32631EBDA00C9BF24 /* Release */ = {
			isa = XCBuildConfiguration;
			buildSettings = {
				ALWAYS_SEARCH_USER_PATHS = NO;
				CLANG_ANALYZER_NONNULL = YES;
				CLANG_ANALYZER_NUMBER_OBJECT_CONVERSION = YES_AGGRESSIVE;
				CLANG_CXX_LANGUAGE_STANDARD = "gnu++14";
				CLANG_CXX_LIBRARY = "libc++";
				CLANG_ENABLE_MODULES = YES;
				CLANG_ENABLE_OBJC_ARC = YES;
				CLANG_ENABLE_OBJC_WEAK = YES;
				CLANG_WARN_BLOCK_CAPTURE_AUTORELEASING = YES;
				CLANG_WARN_BOOL_CONVERSION = YES;
				CLANG_WARN_COMMA = YES;
				CLANG_WARN_CONSTANT_CONVERSION = YES;
				CLANG_WARN_DEPRECATED_OBJC_IMPLEMENTATIONS = YES;
				CLANG_WARN_DIRECT_OBJC_ISA_USAGE = YES_ERROR;
				CLANG_WARN_DOCUMENTATION_COMMENTS = YES;
				CLANG_WARN_EMPTY_BODY = YES;
				CLANG_WARN_ENUM_CONVERSION = YES;
				CLANG_WARN_INFINITE_RECURSION = YES;
				CLANG_WARN_INT_CONVERSION = YES;
				CLANG_WARN_NON_LITERAL_NULL_CONVERSION = YES;
				CLANG_WARN_OBJC_IMPLICIT_RETAIN_SELF = YES;
				CLANG_WARN_OBJC_LITERAL_CONVERSION = YES;
				CLANG_WARN_OBJC_ROOT_CLASS = YES_ERROR;
				CLANG_WARN_QUOTED_INCLUDE_IN_FRAMEWORK_HEADER = YES;
				CLANG_WARN_RANGE_LOOP_ANALYSIS = YES;
				CLANG_WARN_STRICT_PROTOTYPES = YES;
				CLANG_WARN_SUSPICIOUS_MOVE = YES;
				CLANG_WARN_UNGUARDED_AVAILABILITY = YES_AGGRESSIVE;
				CLANG_WARN_UNREACHABLE_CODE = YES;
				CLANG_WARN__DUPLICATE_METHOD_MATCH = YES;
				COPY_PHASE_STRIP = NO;
				DEBUG_INFORMATION_FORMAT = "dwarf-with-dsym";
				ENABLE_NS_ASSERTIONS = NO;
				ENABLE_STRICT_OBJC_MSGSEND = YES;
				GCC_C_LANGUAGE_STANDARD = gnu11;
				GCC_NO_COMMON_BLOCKS = YES;
				GCC_WARN_64_TO_32_BIT_CONVERSION = YES;
				GCC_WARN_ABOUT_RETURN_TYPE = YES_ERROR;
				GCC_WARN_UNDECLARED_SELECTOR = YES;
				GCC_WARN_UNINITIALIZED_AUTOS = YES_AGGRESSIVE;
				GCC_WARN_UNUSED_FUNCTION = YES;
				GCC_WARN_UNUSED_VARIABLE = YES;
				MTL_ENABLE_DEBUG_INFO = NO;
				MTL_FAST_MATH = YES;
				SWIFT_COMPILATION_MODE = wholemodule;
				SWIFT_OPTIMIZATION_LEVEL = "-O";
			};
			name = Release;
		};
		F0B123F52631EBDA00C9BF24 /* Debug */ = {
			isa = XCBuildConfiguration;
			buildSettings = {
				ASSETCATALOG_COMPILER_APPICON_NAME = AppIcon;
				ASSETCATALOG_COMPILER_GLOBAL_ACCENT_COLOR_NAME = AccentColor;
				CODE_SIGN_STYLE = Automatic;
				DEVELOPMENT_TEAM = B6QRXW5YF2;
				ENABLE_PREVIEWS = YES;
				INFOPLIST_FILE = iOS/Info.plist;
				IPHONEOS_DEPLOYMENT_TARGET = 14.0;
				LD_RUNPATH_SEARCH_PATHS = (
					"$(inherited)",
					"@executable_path/Frameworks",
				);
				PRODUCT_BUNDLE_IDENTIFIER = by.filimo.CryptoCombine;
				PRODUCT_NAME = CryptoCombine;
				SDKROOT = iphoneos;
				SWIFT_VERSION = 5.0;
				TARGETED_DEVICE_FAMILY = "1,2";
			};
			name = Debug;
		};
		F0B123F62631EBDA00C9BF24 /* Release */ = {
			isa = XCBuildConfiguration;
			buildSettings = {
				ASSETCATALOG_COMPILER_APPICON_NAME = AppIcon;
				ASSETCATALOG_COMPILER_GLOBAL_ACCENT_COLOR_NAME = AccentColor;
				CODE_SIGN_STYLE = Automatic;
				DEVELOPMENT_TEAM = B6QRXW5YF2;
				ENABLE_PREVIEWS = YES;
				INFOPLIST_FILE = iOS/Info.plist;
				IPHONEOS_DEPLOYMENT_TARGET = 14.0;
				LD_RUNPATH_SEARCH_PATHS = (
					"$(inherited)",
					"@executable_path/Frameworks",
				);
				PRODUCT_BUNDLE_IDENTIFIER = by.filimo.CryptoCombine;
				PRODUCT_NAME = CryptoCombine;
				SDKROOT = iphoneos;
				SWIFT_VERSION = 5.0;
				TARGETED_DEVICE_FAMILY = "1,2";
				VALIDATE_PRODUCT = YES;
			};
			name = Release;
		};
		F0B123F82631EBDA00C9BF24 /* Debug */ = {
			isa = XCBuildConfiguration;
			buildSettings = {
				ASSETCATALOG_COMPILER_APPICON_NAME = AppIcon;
				ASSETCATALOG_COMPILER_GLOBAL_ACCENT_COLOR_NAME = AccentColor;
				CODE_SIGN_ENTITLEMENTS = macOS/macOS.entitlements;
				CODE_SIGN_STYLE = Automatic;
				COMBINE_HIDPI_IMAGES = YES;
				DEVELOPMENT_TEAM = B6QRXW5YF2;
				ENABLE_HARDENED_RUNTIME = YES;
				ENABLE_PREVIEWS = YES;
				INFOPLIST_FILE = macOS/Info.plist;
				LD_RUNPATH_SEARCH_PATHS = (
					"$(inherited)",
					"@executable_path/../Frameworks",
				);
				MACOSX_DEPLOYMENT_TARGET = 11.0;
				PRODUCT_BUNDLE_IDENTIFIER = by.filimo.CryptoCombine;
				PRODUCT_NAME = CryptoCombine;
				SDKROOT = macosx;
				SWIFT_VERSION = 5.0;
			};
			name = Debug;
		};
		F0B123F92631EBDA00C9BF24 /* Release */ = {
			isa = XCBuildConfiguration;
			buildSettings = {
				ASSETCATALOG_COMPILER_APPICON_NAME = AppIcon;
				ASSETCATALOG_COMPILER_GLOBAL_ACCENT_COLOR_NAME = AccentColor;
				CODE_SIGN_ENTITLEMENTS = macOS/macOS.entitlements;
				CODE_SIGN_STYLE = Automatic;
				COMBINE_HIDPI_IMAGES = YES;
				DEVELOPMENT_TEAM = B6QRXW5YF2;
				ENABLE_HARDENED_RUNTIME = YES;
				ENABLE_PREVIEWS = YES;
				INFOPLIST_FILE = macOS/Info.plist;
				LD_RUNPATH_SEARCH_PATHS = (
					"$(inherited)",
					"@executable_path/../Frameworks",
				);
				MACOSX_DEPLOYMENT_TARGET = 11.0;
				PRODUCT_BUNDLE_IDENTIFIER = by.filimo.CryptoCombine;
				PRODUCT_NAME = CryptoCombine;
				SDKROOT = macosx;
				SWIFT_VERSION = 5.0;
			};
			name = Release;
		};
		F0B123FB2631EBDA00C9BF24 /* Debug */ = {
			isa = XCBuildConfiguration;
			buildSettings = {
				ALWAYS_EMBED_SWIFT_STANDARD_LIBRARIES = YES;
				CODE_SIGN_STYLE = Automatic;
				DEVELOPMENT_TEAM = B6QRXW5YF2;
				INFOPLIST_FILE = "Tests iOS/Info.plist";
				IPHONEOS_DEPLOYMENT_TARGET = 14.4;
				LD_RUNPATH_SEARCH_PATHS = (
					"$(inherited)",
					"@executable_path/Frameworks",
					"@loader_path/Frameworks",
				);
				PRODUCT_BUNDLE_IDENTIFIER = "by.filimo.Tests-iOS";
				PRODUCT_NAME = "$(TARGET_NAME)";
				SDKROOT = iphoneos;
				SWIFT_VERSION = 5.0;
				TARGETED_DEVICE_FAMILY = "1,2";
				TEST_TARGET_NAME = "CryptoCombine (iOS)";
			};
			name = Debug;
		};
		F0B123FC2631EBDA00C9BF24 /* Release */ = {
			isa = XCBuildConfiguration;
			buildSettings = {
				ALWAYS_EMBED_SWIFT_STANDARD_LIBRARIES = YES;
				CODE_SIGN_STYLE = Automatic;
				DEVELOPMENT_TEAM = B6QRXW5YF2;
				INFOPLIST_FILE = "Tests iOS/Info.plist";
				IPHONEOS_DEPLOYMENT_TARGET = 14.4;
				LD_RUNPATH_SEARCH_PATHS = (
					"$(inherited)",
					"@executable_path/Frameworks",
					"@loader_path/Frameworks",
				);
				PRODUCT_BUNDLE_IDENTIFIER = "by.filimo.Tests-iOS";
				PRODUCT_NAME = "$(TARGET_NAME)";
				SDKROOT = iphoneos;
				SWIFT_VERSION = 5.0;
				TARGETED_DEVICE_FAMILY = "1,2";
				TEST_TARGET_NAME = "CryptoCombine (iOS)";
				VALIDATE_PRODUCT = YES;
			};
			name = Release;
		};
		F0B123FE2631EBDA00C9BF24 /* Debug */ = {
			isa = XCBuildConfiguration;
			buildSettings = {
				ALWAYS_EMBED_SWIFT_STANDARD_LIBRARIES = YES;
				CODE_SIGN_STYLE = Automatic;
				COMBINE_HIDPI_IMAGES = YES;
				DEVELOPMENT_TEAM = B6QRXW5YF2;
				INFOPLIST_FILE = "Tests macOS/Info.plist";
				LD_RUNPATH_SEARCH_PATHS = (
					"$(inherited)",
					"@executable_path/../Frameworks",
					"@loader_path/../Frameworks",
				);
				MACOSX_DEPLOYMENT_TARGET = 11.1;
				PRODUCT_BUNDLE_IDENTIFIER = "by.filimo.Tests-macOS";
				PRODUCT_NAME = "$(TARGET_NAME)";
				SDKROOT = macosx;
				SWIFT_VERSION = 5.0;
				TEST_TARGET_NAME = "CryptoCombine (macOS)";
			};
			name = Debug;
		};
		F0B123FF2631EBDA00C9BF24 /* Release */ = {
			isa = XCBuildConfiguration;
			buildSettings = {
				ALWAYS_EMBED_SWIFT_STANDARD_LIBRARIES = YES;
				CODE_SIGN_STYLE = Automatic;
				COMBINE_HIDPI_IMAGES = YES;
				DEVELOPMENT_TEAM = B6QRXW5YF2;
				INFOPLIST_FILE = "Tests macOS/Info.plist";
				LD_RUNPATH_SEARCH_PATHS = (
					"$(inherited)",
					"@executable_path/../Frameworks",
					"@loader_path/../Frameworks",
				);
				MACOSX_DEPLOYMENT_TARGET = 11.1;
				PRODUCT_BUNDLE_IDENTIFIER = "by.filimo.Tests-macOS";
				PRODUCT_NAME = "$(TARGET_NAME)";
				SDKROOT = macosx;
				SWIFT_VERSION = 5.0;
				TEST_TARGET_NAME = "CryptoCombine (macOS)";
			};
			name = Release;
		};
/* End XCBuildConfiguration section */

/* Begin XCConfigurationList section */
		F0B123BA2631EBD700C9BF24 /* Build configuration list for PBXProject "CryptoCombine" */ = {
			isa = XCConfigurationList;
			buildConfigurations = (
				F0B123F22631EBDA00C9BF24 /* Debug */,
				F0B123F32631EBDA00C9BF24 /* Release */,
			);
			defaultConfigurationIsVisible = 0;
			defaultConfigurationName = Release;
		};
		F0B123F42631EBDA00C9BF24 /* Build configuration list for PBXNativeTarget "CryptoCombine (iOS)" */ = {
			isa = XCConfigurationList;
			buildConfigurations = (
				F0B123F52631EBDA00C9BF24 /* Debug */,
				F0B123F62631EBDA00C9BF24 /* Release */,
			);
			defaultConfigurationIsVisible = 0;
			defaultConfigurationName = Release;
		};
		F0B123F72631EBDA00C9BF24 /* Build configuration list for PBXNativeTarget "CryptoCombine (macOS)" */ = {
			isa = XCConfigurationList;
			buildConfigurations = (
				F0B123F82631EBDA00C9BF24 /* Debug */,
				F0B123F92631EBDA00C9BF24 /* Release */,
			);
			defaultConfigurationIsVisible = 0;
			defaultConfigurationName = Release;
		};
		F0B123FA2631EBDA00C9BF24 /* Build configuration list for PBXNativeTarget "Tests iOS" */ = {
			isa = XCConfigurationList;
			buildConfigurations = (
				F0B123FB2631EBDA00C9BF24 /* Debug */,
				F0B123FC2631EBDA00C9BF24 /* Release */,
			);
			defaultConfigurationIsVisible = 0;
			defaultConfigurationName = Release;
		};
		F0B123FD2631EBDA00C9BF24 /* Build configuration list for PBXNativeTarget "Tests macOS" */ = {
			isa = XCConfigurationList;
			buildConfigurations = (
				F0B123FE2631EBDA00C9BF24 /* Debug */,
				F0B123FF2631EBDA00C9BF24 /* Release */,
			);
			defaultConfigurationIsVisible = 0;
			defaultConfigurationName = Release;
		};
/* End XCConfigurationList section */

/* Begin XCVersionGroup section */
		F0B123BC2631EBD700C9BF24 /* CryptoCombine.xcdatamodeld */ = {
			isa = XCVersionGroup;
			children = (
				F0B123BD2631EBD700C9BF24 /* Shared.xcdatamodel */,
			);
			currentVersion = F0B123BD2631EBD700C9BF24 /* Shared.xcdatamodel */;
			path = CryptoCombine.xcdatamodeld;
			sourceTree = "<group>";
			versionGroupType = wrapper.xcdatamodel;
		};
/* End XCVersionGroup section */
	};
	rootObject = F0B123B72631EBD700C9BF24 /* Project object */;
}
